// !$*UTF8*$!
{
	archiveVersion = 1;
	classes = {
	};
	objectVersion = 46;
	objects = {

/* Begin PBXBuildFile section */
		050B5F991D9CB5C500D55773 /* main.swift in Sources */ = {isa = PBXBuildFile; fileRef = 050B5F981D9CB5C500D55773 /* main.swift */; };
		050B5FA01D9CB84900D55773 /* Pixels.swift in Sources */ = {isa = PBXBuildFile; fileRef = 050B5F9F1D9CB84900D55773 /* Pixels.swift */; };
		050B5FA21D9CB87200D55773 /* Extensions.swift in Sources */ = {isa = PBXBuildFile; fileRef = 050B5FA11D9CB87200D55773 /* Extensions.swift */; };
/* End PBXBuildFile section */

/* Begin PBXCopyFilesBuildPhase section */
		050B5F931D9CB5C500D55773 /* CopyFiles */ = {
			isa = PBXCopyFilesBuildPhase;
			buildActionMask = 2147483647;
			dstPath = /usr/share/man/man1/;
			dstSubfolderSpec = 0;
			files = (
			);
			runOnlyForDeploymentPostprocessing = 1;
		};
/* End PBXCopyFilesBuildPhase section */

/* Begin PBXFileReference section */
		050B5F951D9CB5C500D55773 /* BitmapToSVG */ = {isa = PBXFileReference; explicitFileType = "compiled.mach-o.executable"; includeInIndex = 0; path = BitmapToSVG; sourceTree = BUILT_PRODUCTS_DIR; };
		050B5F981D9CB5C500D55773 /* main.swift */ = {isa = PBXFileReference; lastKnownFileType = sourcecode.swift; path = main.swift; sourceTree = "<group>"; };
		050B5F9F1D9CB84900D55773 /* Pixels.swift */ = {isa = PBXFileReference; fileEncoding = 4; lastKnownFileType = sourcecode.swift; path = Pixels.swift; sourceTree = "<group>"; };
		050B5FA11D9CB87200D55773 /* Extensions.swift */ = {isa = PBXFileReference; fileEncoding = 4; lastKnownFileType = sourcecode.swift; path = Extensions.swift; sourceTree = "<group>"; };
/* End PBXFileReference section */

/* Begin PBXFrameworksBuildPhase section */
		050B5F921D9CB5C500D55773 /* Frameworks */ = {
			isa = PBXFrameworksBuildPhase;
			buildActionMask = 2147483647;
			files = (
			);
			runOnlyForDeploymentPostprocessing = 0;
		};
/* End PBXFrameworksBuildPhase section */

/* Begin PBXGroup section */
		050B5F8C1D9CB5C500D55773 = {
			isa = PBXGroup;
			children = (
				050B5F971D9CB5C500D55773 /* BitmapToSVG */,
				050B5F961D9CB5C500D55773 /* Products */,
			);
			sourceTree = "<group>";
		};
		050B5F961D9CB5C500D55773 /* Products */ = {
			isa = PBXGroup;
			children = (
				050B5F951D9CB5C500D55773 /* BitmapToSVG */,
			);
			name = Products;
			sourceTree = "<group>";
		};
		050B5F971D9CB5C500D55773 /* BitmapToSVG */ = {
			isa = PBXGroup;
			children = (
				050B5F981D9CB5C500D55773 /* main.swift */,
				050B5F9F1D9CB84900D55773 /* Pixels.swift */,
				050B5FA11D9CB87200D55773 /* Extensions.swift */,
			);
			path = BitmapToSVG;
			sourceTree = "<group>";
		};
/* End PBXGroup section */

/* Begin PBXNativeTarget section */
		050B5F941D9CB5C500D55773 /* BitmapToSVG */ = {
			isa = PBXNativeTarget;
			buildConfigurationList = 050B5F9C1D9CB5C500D55773 /* Build configuration list for PBXNativeTarget "BitmapToSVG" */;
			buildPhases = (
				050B5F911D9CB5C500D55773 /* Sources */,
				050B5F921D9CB5C500D55773 /* Frameworks */,
				050B5F931D9CB5C500D55773 /* CopyFiles */,
			);
			buildRules = (
			);
			dependencies = (
			);
			name = BitmapToSVG;
			productName = BitmapToSVG;
			productReference = 050B5F951D9CB5C500D55773 /* BitmapToSVG */;
			productType = "com.apple.product-type.tool";
		};
/* End PBXNativeTarget section */

/* Begin PBXProject section */
		050B5F8D1D9CB5C500D55773 /* Project object */ = {
			isa = PBXProject;
			attributes = {
				LastSwiftUpdateCheck = 0800;
				LastUpgradeCheck = 0800;
				ORGANIZATIONNAME = Cryptica;
				TargetAttributes = {
					050B5F941D9CB5C500D55773 = {
						CreatedOnToolsVersion = 8.0;
						DevelopmentTeam = Z45MF6H6EL;
						ProvisioningStyle = Automatic;
					};
				};
			};
			buildConfigurationList = 050B5F901D9CB5C500D55773 /* Build configuration list for PBXProject "BitmapToSVG" */;
			compatibilityVersion = "Xcode 3.2";
			developmentRegion = English;
			hasScannedForEncodings = 0;
			knownRegions = (
				en,
			);
			mainGroup = 050B5F8C1D9CB5C500D55773;
			productRefGroup = 050B5F961D9CB5C500D55773 /* Products */;
			projectDirPath = "";
			projectRoot = "";
			targets = (
				050B5F941D9CB5C500D55773 /* BitmapToSVG */,
			);
		};
/* End PBXProject section */

/* Begin PBXSourcesBuildPhase section */
		050B5F911D9CB5C500D55773 /* Sources */ = {
			isa = PBXSourcesBuildPhase;
			buildActionMask = 2147483647;
			files = (
				050B5FA01D9CB84900D55773 /* Pixels.swift in Sources */,
				050B5FA21D9CB87200D55773 /* Extensions.swift in Sources */,
				050B5F991D9CB5C500D55773 /* main.swift in Sources */,
			);
			runOnlyForDeploymentPostprocessing = 0;
		};
/* End PBXSourcesBuildPhase section */

/* Begin XCBuildConfiguration section */
		050B5F9A1D9CB5C500D55773 /* Debug */ = {
			isa = XCBuildConfiguration;
			buildSettings = {
				ALWAYS_SEARCH_USER_PATHS = NO;
				CLANG_ANALYZER_NONNULL = YES;
				CLANG_CXX_LANGUAGE_STANDARD = "gnu++0x";
				CLANG_CXX_LIBRARY = "libc++";
				CLANG_ENABLE_MODULES = YES;
				CLANG_ENABLE_OBJC_ARC = YES;
				CLANG_WARN_BOOL_CONVERSION = YES;
				CLANG_WARN_CONSTANT_CONVERSION = YES;
				CLANG_WARN_DIRECT_OBJC_ISA_USAGE = YES_ERROR;
				CLANG_WARN_DOCUMENTATION_COMMENTS = YES;
				CLANG_WARN_EMPTY_BODY = YES;
				CLANG_WARN_ENUM_CONVERSION = YES;
				CLANG_WARN_INFINITE_RECURSION = YES;
				CLANG_WARN_INT_CONVERSION = YES;
				CLANG_WARN_OBJC_ROOT_CLASS = YES_ERROR;
				CLANG_WARN_SUSPICIOUS_MOVES = YES;
				CLANG_WARN_UNREACHABLE_CODE = YES;
				CLANG_WARN__DUPLICATE_METHOD_MATCH = YES;
				CODE_SIGN_IDENTITY = "-";
				COPY_PHASE_STRIP = NO;
				DEBUG_INFORMATION_FORMAT = dwarf;
				ENABLE_STRICT_OBJC_MSGSEND = YES;
				ENABLE_TESTABILITY = YES;
				GCC_C_LANGUAGE_STANDARD = gnu99;
				GCC_DYNAMIC_NO_PIC = NO;
				GCC_NO_COMMON_BLOCKS = YES;
				GCC_OPTIMIZATION_LEVEL = 0;
				GCC_PREPROCESSOR_DEFINITIONS = (
					"DEBUG=1",
					"$(inherited)",
				);
				GCC_WARN_64_TO_32_BIT_CONVERSION = YES;
				GCC_WARN_ABOUT_RETURN_TYPE = YES_ERROR;
				GCC_WARN_UNDECLARED_SELECTOR = YES;
				GCC_WARN_UNINITIALIZED_AUTOS = YES_AGGRESSIVE;
				GCC_WARN_UNUSED_FUNCTION = YES;
				GCC_WARN_UNUSED_VARIABLE = YES;
				MACOSX_DEPLOYMENT_TARGET = 10.11;
				MTL_ENABLE_DEBUG_INFO = YES;
				ONLY_ACTIVE_ARCH = YES;
				SDKROOT = macosx;
				SWIFT_OPTIMIZATION_LEVEL = "-Onone";
			};
			name = Debug;
		};
		050B5F9B1D9CB5C500D55773 /* Release */ = {
			isa = XCBuildConfiguration;
			buildSettings = {
				ALWAYS_SEARCH_USER_PATHS = NO;
				CLANG_ANALYZER_NONNULL = YES;
				CLANG_CXX_LANGUAGE_STANDARD = "gnu++0x";
				CLANG_CXX_LIBRARY = "libc++";
				CLANG_ENABLE_MODULES = YES;
				CLANG_ENABLE_OBJC_ARC = YES;
				CLANG_WARN_BOOL_CONVERSION = YES;
				CLANG_WARN_CONSTANT_CONVERSION = YES;
				CLANG_WARN_DIRECT_OBJC_ISA_USAGE = YES_ERROR;
				CLANG_WARN_DOCUMENTATION_COMMENTS = YES;
				CLANG_WARN_EMPTY_BODY = YES;
				CLANG_WARN_ENUM_CONVERSION = YES;
				CLANG_WARN_INFINITE_RECURSION = YES;
				CLANG_WARN_INT_CONVERSION = YES;
				CLANG_WARN_OBJC_ROOT_CLASS = YES_ERROR;
				CLANG_WARN_SUSPICIOUS_MOVES = YES;
				CLANG_WARN_UNREACHABLE_CODE = YES;
				CLANG_WARN__DUPLICATE_METHOD_MATCH = YES;
				CODE_SIGN_IDENTITY = "-";
				COPY_PHASE_STRIP = NO;
				DEBUG_INFORMATION_FORMAT = "dwarf-with-dsym";
				ENABLE_NS_ASSERTIONS = NO;
				ENABLE_STRICT_OBJC_MSGSEND = YES;
				GCC_C_LANGUAGE_STANDARD = gnu99;
				GCC_NO_COMMON_BLOCKS = YES;
				GCC_OPTIMIZATION_LEVEL = fast;
				GCC_WARN_64_TO_32_BIT_CONVERSION = YES;
				GCC_WARN_ABOUT_RETURN_TYPE = YES_ERROR;
				GCC_WARN_UNDECLARED_SELECTOR = YES;
				GCC_WARN_UNINITIALIZED_AUTOS = YES_AGGRESSIVE;
				GCC_WARN_UNUSED_FUNCTION = YES;
				GCC_WARN_UNUSED_VARIABLE = YES;
				LLVM_LTO = YES;
				MACOSX_DEPLOYMENT_TARGET = 10.11;
				MTL_ENABLE_DEBUG_INFO = NO;
				SDKROOT = macosx;
				SWIFT_OPTIMIZATION_LEVEL = "-Owholemodule";
			};
			name = Release;
		};
		050B5F9D1D9CB5C500D55773 /* Debug */ = {
			isa = XCBuildConfiguration;
			buildSettings = {
				DEVELOPMENT_TEAM = Z45MF6H6EL;
				PRODUCT_NAME = "$(TARGET_NAME)";
				SWIFT_VERSION = 3.0;
			};
			name = Debug;
		};
		050B5F9E1D9CB5C500D55773 /* Release */ = {
			isa = XCBuildConfiguration;
			buildSettings = {
				DEVELOPMENT_TEAM = Z45MF6H6EL;
				GCC_UNROLL_LOOPS = YES;
				PRODUCT_NAME = "$(TARGET_NAME)";
				SWIFT_VERSION = 3.0;
			};
			name = Release;
		};
/* End XCBuildConfiguration section */

/* Begin XCConfigurationList section */
		050B5F901D9CB5C500D55773 /* Build configuration list for PBXProject "BitmapToSVG" */ = {
			isa = XCConfigurationList;
			buildConfigurations = (
				050B5F9A1D9CB5C500D55773 /* Debug */,
				050B5F9B1D9CB5C500D55773 /* Release */,
			);
			defaultConfigurationIsVisible = 0;
			defaultConfigurationName = Release;
		};
		050B5F9C1D9CB5C500D55773 /* Build configuration list for PBXNativeTarget "BitmapToSVG" */ = {
			isa = XCConfigurationList;
			buildConfigurations = (
				050B5F9D1D9CB5C500D55773 /* Debug */,
				050B5F9E1D9CB5C500D55773 /* Release */,
			);
			defaultConfigurationIsVisible = 0;
			defaultConfigurationName = Release;
		};
/* End XCConfigurationList section */
	};
	rootObject = 050B5F8D1D9CB5C500D55773 /* Project object */;
}
